
Microsoft Visual Studio Solution File, Format Version 12.00
# Visual Studio 15
VisualStudioVersion = 15.0.27130.2027
MinimumVisualStudioVersion = 10.0.40219.1
Project("{FAE04EC0-301F-11D3-BF4B-00C04F79EFBC}") = "DamasInglesas", "DamasInglesas\DamasInglesas.csproj", "{5229271C-E15B-4640-8782-B67E2E0A3274}"
EndProject
Global
	GlobalSection(SolutionConfigurationPlatforms) = preSolution
		Debug|Any CPU = Debug|Any CPU
		Release|Any CPU = Release|Any CPU
	EndGlobalSection
	GlobalSection(ProjectConfigurationPlatforms) = postSolution
		{5229271C-E15B-4640-8782-B67E2E0A3274}.Debug|Any CPU.ActiveCfg = Debug|Any CPU
		{5229271C-E15B-4640-8782-B67E2E0A3274}.Debug|Any CPU.Build.0 = Debug|Any CPU
		{5229271C-E15B-4640-8782-B67E2E0A3274}.Release|Any CPU.ActiveCfg = Release|Any CPU
		{5229271C-E15B-4640-8782-B67E2E0A3274}.Release|Any CPU.Build.0 = Release|Any CPU
	EndGlobalSection
	GlobalSection(SolutionProperties) = preSolution
		HideSolutionNode = FALSE
	EndGlobalSection
	GlobalSection(ExtensibilityGlobals) = postSolution
		SolutionGuid = {2F0E3221-7075-479E-89D5-BB5C2CBBEB13}
	EndGlobalSection
EndGlobal
